Microsoft Visual Studio Solution File, Format Version 12.00
# Visual Studio 2012
Project("{FAE04EC0-301F-11D3-BF4B-00C04F79EFBC}") = "iridos", "iridos.csproj", "{6F7C3404-1B38-43AE-A2A2-23C8AE1BE60D}"
EndProject
Global
	GlobalSection(SolutionConfigurationPlatforms) = preSolution
	Debug|Any CPU = Debug|Any CPU
	ExportDebug|Any CPU = ExportDebug|Any CPU
	ExportRelease|Any CPU = ExportRelease|Any CPU
	EndGlobalSection
	GlobalSection(ProjectConfigurationPlatforms) = postSolution
		{6F7C3404-1B38-43AE-A2A2-23C8AE1BE60D}.Debug|Any CPU.ActiveCfg = Debug|Any CPU
		{6F7C3404-1B38-43AE-A2A2-23C8AE1BE60D}.Debug|Any CPU.Build.0 = Debug|Any CPU
		{6F7C3404-1B38-43AE-A2A2-23C8AE1BE60D}.ExportDebug|Any CPU.ActiveCfg = ExportDebug|Any CPU
		{6F7C3404-1B38-43AE-A2A2-23C8AE1BE60D}.ExportDebug|Any CPU.Build.0 = ExportDebug|Any CPU
		{6F7C3404-1B38-43AE-A2A2-23C8AE1BE60D}.ExportRelease|Any CPU.ActiveCfg = ExportRelease|Any CPU
		{6F7C3404-1B38-43AE-A2A2-23C8AE1BE60D}.ExportRelease|Any CPU.Build.0 = ExportRelease|Any CPU
	EndGlobalSection
EndGlobal
